
Microsoft Visual Studio Solution File, Format Version 12.00
# Visual Studio 15
VisualStudioVersion = 15.0.27130.2027
MinimumVisualStudioVersion = 10.0.40219.1
Project("{FAE04EC0-301F-11D3-BF4B-00C04F79EFBC}") = "praktika1", "praktika1\praktika1.csproj", "{055B090B-4403-45C6-842E-101334590B62}"
EndProject
Global
	GlobalSection(SolutionConfigurationPlatforms) = preSolution
		Debug|Any CPU = Debug|Any CPU
		Release|Any CPU = Release|Any CPU
	EndGlobalSection
	GlobalSection(ProjectConfigurationPlatforms) = postSolution
		{055B090B-4403-45C6-842E-101334590B62}.Debug|Any CPU.ActiveCfg = Debug|Any CPU
		{055B090B-4403-45C6-842E-101334590B62}.Debug|Any CPU.Build.0 = Debug|Any CPU
		{055B090B-4403-45C6-842E-101334590B62}.Release|Any CPU.ActiveCfg = Release|Any CPU
		{055B090B-4403-45C6-842E-101334590B62}.Release|Any CPU.Build.0 = Release|Any CPU
	EndGlobalSection
	GlobalSection(SolutionProperties) = preSolution
		HideSolutionNode = FALSE
	EndGlobalSection
	GlobalSection(ExtensibilityGlobals) = postSolution
		SolutionGuid = {F5F8732B-D3C9-483C-ABFB-2A670F6995BF}
	EndGlobalSection
EndGlobal
